
Microsoft Visual Studio Solution File, Format Version 12.00
# Visual Studio Version 16
VisualStudioVersion = 16.0.810.16
MinimumVisualStudioVersion = 10.0.40219.1
Project("{FAE04EC0-301F-11D3-BF4B-00C04F79EFBC}") = "01_Ejemplo_HolaMundo", "01_Ejemplo_HolaMundo.csproj", "{D1B21AB3-5434-43E0-A6C5-0481D8DBE713}"
EndProject
Global
	GlobalSection(SolutionConfigurationPlatforms) = preSolution
		Debug|Any CPU = Debug|Any CPU
		Release|Any CPU = Release|Any CPU
	EndGlobalSection
	GlobalSection(ProjectConfigurationPlatforms) = postSolution
		{D1B21AB3-5434-43E0-A6C5-0481D8DBE713}.Debug|Any CPU.ActiveCfg = Debug|Any CPU
		{D1B21AB3-5434-43E0-A6C5-0481D8DBE713}.Debug|Any CPU.Build.0 = Debug|Any CPU
		{D1B21AB3-5434-43E0-A6C5-0481D8DBE713}.Release|Any CPU.ActiveCfg = Release|Any CPU
		{D1B21AB3-5434-43E0-A6C5-0481D8DBE713}.Release|Any CPU.Build.0 = Release|Any CPU
	EndGlobalSection
	GlobalSection(SolutionProperties) = preSolution
		HideSolutionNode = FALSE
	EndGlobalSection
	GlobalSection(ExtensibilityGlobals) = postSolution
		SolutionGuid = {C66E3B55-1338-43B3-B717-F55869B5AA33}
	EndGlobalSection
EndGlobal
